
Microsoft Visual Studio Solution File, Format Version 12.00
# Visual Studio 2013
VisualStudioVersion = 12.0.21005.1
MinimumVisualStudioVersion = 10.0.40219.1
Project("{FAE04EC0-301F-11D3-BF4B-00C04F79EFBC}") = "Cab2Calibre", "Cab2Calibre\Cab2Calibre.csproj", "{10455976-70F5-4CAF-911C-1BFAF06D5A67}"
EndProject
Project("{FAE04EC0-301F-11D3-BF4B-00C04F79EFBC}") = "Cab2CalibreTests", "Cab2CalibreTests\Cab2CalibreTests.csproj", "{D111515B-2529-43C5-A36C-E5366F5BF726}"
EndProject
Global
	GlobalSection(SolutionConfigurationPlatforms) = preSolution
		Debug|Any CPU = Debug|Any CPU
		Release|Any CPU = Release|Any CPU
	EndGlobalSection
	GlobalSection(ProjectConfigurationPlatforms) = postSolution
		{10455976-70F5-4CAF-911C-1BFAF06D5A67}.Debug|Any CPU.ActiveCfg = Debug|Any CPU
		{10455976-70F5-4CAF-911C-1BFAF06D5A67}.Debug|Any CPU.Build.0 = Debug|Any CPU
		{10455976-70F5-4CAF-911C-1BFAF06D5A67}.Release|Any CPU.ActiveCfg = Release|Any CPU
		{10455976-70F5-4CAF-911C-1BFAF06D5A67}.Release|Any CPU.Build.0 = Release|Any CPU
		{D111515B-2529-43C5-A36C-E5366F5BF726}.Debug|Any CPU.ActiveCfg = Debug|Any CPU
		{D111515B-2529-43C5-A36C-E5366F5BF726}.Debug|Any CPU.Build.0 = Debug|Any CPU
		{D111515B-2529-43C5-A36C-E5366F5BF726}.Release|Any CPU.ActiveCfg = Release|Any CPU
		{D111515B-2529-43C5-A36C-E5366F5BF726}.Release|Any CPU.Build.0 = Release|Any CPU
	EndGlobalSection
	GlobalSection(SolutionProperties) = preSolution
		HideSolutionNode = FALSE
	EndGlobalSection
EndGlobal
